
Microsoft Visual Studio Solution File, Format Version 12.00
# Visual Studio Version 17
VisualStudioVersion = 17.3.32922.545
MinimumVisualStudioVersion = 10.0.40219.1
Project("{FAE04EC0-301F-11D3-BF4B-00C04F79EFBC}") = "ExchangeRates.Api", "ExchangeRates.Api\ExchangeRates.Api.csproj", "{A11CA26D-3DB7-420E-9BDA-4B34B2F8ECB8}"
EndProject
Project("{FAE04EC0-301F-11D3-BF4B-00C04F79EFBC}") = "ExchangeRates.Contracts", "ExchangeRates.Contracts\ExchangeRates.Contracts.csproj", "{870140B4-F57A-47B1-A10F-94B60AD599BA}"
EndProject
Project("{FAE04EC0-301F-11D3-BF4B-00C04F79EFBC}") = "ExchangeRates.InternalModels", "ExchangeRates.InternalModels\ExchangeRates.InternalModels.csproj", "{FBBD740A-B492-4218-AC64-CDD92F6A59B9}"
EndProject
Project("{FAE04EC0-301F-11D3-BF4B-00C04F79EFBC}") = "ExchangeRates.Services", "ExchangeRates.Services\ExchangeRates.Services.csproj", "{4EB3D166-6423-48FB-AC04-5517C6EA065A}"
EndProject
Project("{FAE04EC0-301F-11D3-BF4B-00C04F79EFBC}") = "ExchangeRates.Repositories", "ExchangeRates.Repositories\ExchangeRates.Repositories.csproj", "{8FF72AA5-EF53-4E5D-85AA-6FEF14D92794}"
EndProject
Project("{FAE04EC0-301F-11D3-BF4B-00C04F79EFBC}") = "ExchangeRates.Abstractions", "ExchangeRates.Abstractions\ExchangeRates.Abstractions.csproj", "{389AD7FF-50C1-49E1-BA38-CF844B0A6004}"
EndProject
Project("{FAE04EC0-301F-11D3-BF4B-00C04F79EFBC}") = "ExchangeRates.Common", "ExchangeRates.Common\ExchangeRates.Common.csproj", "{1EE780A1-E0D8-4423-84DC-4DB07797026C}"
EndProject
Global
	GlobalSection(SolutionConfigurationPlatforms) = preSolution
		Debug|Any CPU = Debug|Any CPU
		Release|Any CPU = Release|Any CPU
	EndGlobalSection
	GlobalSection(ProjectConfigurationPlatforms) = postSolution
		{A11CA26D-3DB7-420E-9BDA-4B34B2F8ECB8}.Debug|Any CPU.ActiveCfg = Debug|Any CPU
		{A11CA26D-3DB7-420E-9BDA-4B34B2F8ECB8}.Debug|Any CPU.Build.0 = Debug|Any CPU
		{A11CA26D-3DB7-420E-9BDA-4B34B2F8ECB8}.Release|Any CPU.ActiveCfg = Release|Any CPU
		{A11CA26D-3DB7-420E-9BDA-4B34B2F8ECB8}.Release|Any CPU.Build.0 = Release|Any CPU
		{870140B4-F57A-47B1-A10F-94B60AD599BA}.Debug|Any CPU.ActiveCfg = Debug|Any CPU
		{870140B4-F57A-47B1-A10F-94B60AD599BA}.Debug|Any CPU.Build.0 = Debug|Any CPU
		{870140B4-F57A-47B1-A10F-94B60AD599BA}.Release|Any CPU.ActiveCfg = Release|Any CPU
		{870140B4-F57A-47B1-A10F-94B60AD599BA}.Release|Any CPU.Build.0 = Release|Any CPU
		{FBBD740A-B492-4218-AC64-CDD92F6A59B9}.Debug|Any CPU.ActiveCfg = Debug|Any CPU
		{FBBD740A-B492-4218-AC64-CDD92F6A59B9}.Debug|Any CPU.Build.0 = Debug|Any CPU
		{FBBD740A-B492-4218-AC64-CDD92F6A59B9}.Release|Any CPU.ActiveCfg = Release|Any CPU
		{FBBD740A-B492-4218-AC64-CDD92F6A59B9}.Release|Any CPU.Build.0 = Release|Any CPU
		{4EB3D166-6423-48FB-AC04-5517C6EA065A}.Debug|Any CPU.ActiveCfg = Debug|Any CPU
		{4EB3D166-6423-48FB-AC04-5517C6EA065A}.Debug|Any CPU.Build.0 = Debug|Any CPU
		{4EB3D166-6423-48FB-AC04-5517C6EA065A}.Release|Any CPU.ActiveCfg = Release|Any CPU
		{4EB3D166-6423-48FB-AC04-5517C6EA065A}.Release|Any CPU.Build.0 = Release|Any CPU
		{8FF72AA5-EF53-4E5D-85AA-6FEF14D92794}.Debug|Any CPU.ActiveCfg = Debug|Any CPU
		{8FF72AA5-EF53-4E5D-85AA-6FEF14D92794}.Debug|Any CPU.Build.0 = Debug|Any CPU
		{8FF72AA5-EF53-4E5D-85AA-6FEF14D92794}.Release|Any CPU.ActiveCfg = Release|Any CPU
		{8FF72AA5-EF53-4E5D-85AA-6FEF14D92794}.Release|Any CPU.Build.0 = Release|Any CPU
		{389AD7FF-50C1-49E1-BA38-CF844B0A6004}.Debug|Any CPU.ActiveCfg = Debug|Any CPU
		{389AD7FF-50C1-49E1-BA38-CF844B0A6004}.Debug|Any CPU.Build.0 = Debug|Any CPU
		{389AD7FF-50C1-49E1-BA38-CF844B0A6004}.Release|Any CPU.ActiveCfg = Release|Any CPU
		{389AD7FF-50C1-49E1-BA38-CF844B0A6004}.Release|Any CPU.Build.0 = Release|Any CPU
		{1EE780A1-E0D8-4423-84DC-4DB07797026C}.Debug|Any CPU.ActiveCfg = Debug|Any CPU
		{1EE780A1-E0D8-4423-84DC-4DB07797026C}.Debug|Any CPU.Build.0 = Debug|Any CPU
		{1EE780A1-E0D8-4423-84DC-4DB07797026C}.Release|Any CPU.ActiveCfg = Release|Any CPU
		{1EE780A1-E0D8-4423-84DC-4DB07797026C}.Release|Any CPU.Build.0 = Release|Any CPU
	EndGlobalSection
	GlobalSection(SolutionProperties) = preSolution
		HideSolutionNode = FALSE
	EndGlobalSection
	GlobalSection(ExtensibilityGlobals) = postSolution
		SolutionGuid = {4B47D13A-30D4-46C4-A467-32BD182B90C6}
	EndGlobalSection
EndGlobal
